
Microsoft Visual Studio Solution File, Format Version 12.00
# Visual Studio Version 17
VisualStudioVersion = 17.13.35818.85 d17.13
MinimumVisualStudioVersion = 10.0.40219.1
Project("{FAE04EC0-301F-11D3-BF4B-00C04F79EFBC}") = "DynamicProductDashboard", "DynamicProductDashboard\DynamicProductDashboard.csproj", "{96DACA8B-7558-4DBC-956E-E8BCB3CD8380}"
EndProject
Global
	GlobalSection(SolutionConfigurationPlatforms) = preSolution
		Debug|Any CPU = Debug|Any CPU
		Release|Any CPU = Release|Any CPU
	EndGlobalSection
	GlobalSection(ProjectConfigurationPlatforms) = postSolution
		{96DACA8B-7558-4DBC-956E-E8BCB3CD8380}.Debug|Any CPU.ActiveCfg = Debug|Any CPU
		{96DACA8B-7558-4DBC-956E-E8BCB3CD8380}.Debug|Any CPU.Build.0 = Debug|Any CPU
		{96DACA8B-7558-4DBC-956E-E8BCB3CD8380}.Release|Any CPU.ActiveCfg = Release|Any CPU
		{96DACA8B-7558-4DBC-956E-E8BCB3CD8380}.Release|Any CPU.Build.0 = Release|Any CPU
	EndGlobalSection
	GlobalSection(SolutionProperties) = preSolution
		HideSolutionNode = FALSE
	EndGlobalSection
	GlobalSection(ExtensibilityGlobals) = postSolution
		SolutionGuid = {8949496D-27FD-43B7-A0EF-B23B584CE4A4}
	EndGlobalSection
EndGlobal
